
Microsoft Visual Studio Solution File, Format Version 12.00
# Visual Studio Version 17
VisualStudioVersion = 17.3.32929.385
MinimumVisualStudioVersion = 10.0.40219.1
Project("{8BC9CEB8-8B4A-11D0-8D11-00A0C91BC942}") = "Variables", "Variables\Variables.vcxproj", "{4EF9FFCF-D995-4BEC-9DD0-EC17F9FC5C85}"
EndProject
Project("{8BC9CEB8-8B4A-11D0-8D11-00A0C91BC942}") = "PrivateMethods", "PrivateMethods\PrivateMethods.vcxproj", "{3E9504F6-4705-4202-A35D-7D0682D3962B}"
EndProject
Global
	GlobalSection(SolutionConfigurationPlatforms) = preSolution
		Debug|x64 = Debug|x64
		Debug|x86 = Debug|x86
		Release|x64 = Release|x64
		Release|x86 = Release|x86
	EndGlobalSection
	GlobalSection(ProjectConfigurationPlatforms) = postSolution
		{4EF9FFCF-D995-4BEC-9DD0-EC17F9FC5C85}.Debug|x64.ActiveCfg = Debug|x64
		{4EF9FFCF-D995-4BEC-9DD0-EC17F9FC5C85}.Debug|x64.Build.0 = Debug|x64
		{4EF9FFCF-D995-4BEC-9DD0-EC17F9FC5C85}.Debug|x86.ActiveCfg = Debug|Win32
		{4EF9FFCF-D995-4BEC-9DD0-EC17F9FC5C85}.Debug|x86.Build.0 = Debug|Win32
		{4EF9FFCF-D995-4BEC-9DD0-EC17F9FC5C85}.Release|x64.ActiveCfg = Release|x64
		{4EF9FFCF-D995-4BEC-9DD0-EC17F9FC5C85}.Release|x64.Build.0 = Release|x64
		{4EF9FFCF-D995-4BEC-9DD0-EC17F9FC5C85}.Release|x86.ActiveCfg = Release|Win32
		{4EF9FFCF-D995-4BEC-9DD0-EC17F9FC5C85}.Release|x86.Build.0 = Release|Win32
		{3E9504F6-4705-4202-A35D-7D0682D3962B}.Debug|x64.ActiveCfg = Debug|x64
		{3E9504F6-4705-4202-A35D-7D0682D3962B}.Debug|x64.Build.0 = Debug|x64
		{3E9504F6-4705-4202-A35D-7D0682D3962B}.Debug|x86.ActiveCfg = Debug|Win32
		{3E9504F6-4705-4202-A35D-7D0682D3962B}.Debug|x86.Build.0 = Debug|Win32
		{3E9504F6-4705-4202-A35D-7D0682D3962B}.Release|x64.ActiveCfg = Release|x64
		{3E9504F6-4705-4202-A35D-7D0682D3962B}.Release|x64.Build.0 = Release|x64
		{3E9504F6-4705-4202-A35D-7D0682D3962B}.Release|x86.ActiveCfg = Release|Win32
		{3E9504F6-4705-4202-A35D-7D0682D3962B}.Release|x86.Build.0 = Release|Win32
	EndGlobalSection
	GlobalSection(SolutionProperties) = preSolution
		HideSolutionNode = FALSE
	EndGlobalSection
	GlobalSection(ExtensibilityGlobals) = postSolution
		SolutionGuid = {60F80C4B-377B-4C93-9DD7-49A1E42523D7}
	EndGlobalSection
EndGlobal
